
Microsoft Visual Studio Solution File, Format Version 12.00
# Visual Studio Version 16
VisualStudioVersion = 16.0.31313.79
MinimumVisualStudioVersion = 10.0.40219.1
Project("{FAE04EC0-301F-11D3-BF4B-00C04F79EFBC}") = "helloWorldBlazor", "helloWorldBlazor\helloWorldBlazor.csproj", "{126C4EED-EBBC-459B-84D5-7DBE0509C1CB}"
EndProject
Global
	GlobalSection(SolutionConfigurationPlatforms) = preSolution
		Debug|Any CPU = Debug|Any CPU
		Release|Any CPU = Release|Any CPU
	EndGlobalSection
	GlobalSection(ProjectConfigurationPlatforms) = postSolution
		{126C4EED-EBBC-459B-84D5-7DBE0509C1CB}.Debug|Any CPU.ActiveCfg = Debug|Any CPU
		{126C4EED-EBBC-459B-84D5-7DBE0509C1CB}.Debug|Any CPU.Build.0 = Debug|Any CPU
		{126C4EED-EBBC-459B-84D5-7DBE0509C1CB}.Release|Any CPU.ActiveCfg = Release|Any CPU
		{126C4EED-EBBC-459B-84D5-7DBE0509C1CB}.Release|Any CPU.Build.0 = Release|Any CPU
	EndGlobalSection
	GlobalSection(SolutionProperties) = preSolution
		HideSolutionNode = FALSE
	EndGlobalSection
	GlobalSection(ExtensibilityGlobals) = postSolution
		SolutionGuid = {C23BAB7C-9923-4668-BDD7-88D6EA60FFED}
	EndGlobalSection
EndGlobal
